
Microsoft Visual Studio Solution File, Format Version 12.00
# Visual Studio 15
VisualStudioVersion = 15.0.27130.2036
MinimumVisualStudioVersion = 10.0.40219.1
Project("{9A19103F-16F7-4668-BE54-9A1E7A4F7556}") = "HuskySite", "HuskySite\HuskySite.csproj", "{96B9246B-997F-42E7-88A3-DCA5F5A70B95}"
EndProject
Global
	GlobalSection(SolutionConfigurationPlatforms) = preSolution
		Debug|Any CPU = Debug|Any CPU
		Release|Any CPU = Release|Any CPU
	EndGlobalSection
	GlobalSection(ProjectConfigurationPlatforms) = postSolution
		{96B9246B-997F-42E7-88A3-DCA5F5A70B95}.Debug|Any CPU.ActiveCfg = Debug|Any CPU
		{96B9246B-997F-42E7-88A3-DCA5F5A70B95}.Debug|Any CPU.Build.0 = Debug|Any CPU
		{96B9246B-997F-42E7-88A3-DCA5F5A70B95}.Release|Any CPU.ActiveCfg = Release|Any CPU
		{96B9246B-997F-42E7-88A3-DCA5F5A70B95}.Release|Any CPU.Build.0 = Release|Any CPU
	EndGlobalSection
	GlobalSection(SolutionProperties) = preSolution
		HideSolutionNode = FALSE
	EndGlobalSection
	GlobalSection(ExtensibilityGlobals) = postSolution
		SolutionGuid = {981643ED-1048-4E70-AAD6-413B2AF008DE}
	EndGlobalSection
	GlobalSection(TeamFoundationVersionControl) = preSolution
		SccNumberOfProjects = 2
		SccEnterpriseProvider = {4CA58AB2-18FA-4F8D-95D4-32DDF27D184C}
		SccTeamFoundationServer = https://avm.visualstudio.com/
		SccLocalPath0 = .
		SccProjectUniqueName1 = HuskySite\\HuskySite.csproj
		SccProjectName1 = HuskySite
		SccLocalPath1 = HuskySite
	EndGlobalSection
EndGlobal
